
Microsoft Visual Studio Solution File, Format Version 12.00
Project("{FAE04EC0-301F-11D3-BF4B-00C04F79EFBC}") = "SDL2Net", "SDL2Net\SDL2Net.csproj", "{10D139B3-93F8-412D-A16D-1E26E2C39FBB}"
EndProject
Project("{FAE04EC0-301F-11D3-BF4B-00C04F79EFBC}") = "SDL2Net.TestApp", "SDL2Net.TestApp\SDL2Net.TestApp.csproj", "{3DFEA325-C649-4D61-B2D2-8A06A5418320}"
EndProject
Global
	GlobalSection(SolutionConfigurationPlatforms) = preSolution
		Debug|Any CPU = Debug|Any CPU
		Release|Any CPU = Release|Any CPU
	EndGlobalSection
	GlobalSection(ProjectConfigurationPlatforms) = postSolution
		{10D139B3-93F8-412D-A16D-1E26E2C39FBB}.Debug|Any CPU.ActiveCfg = Debug|Any CPU
		{10D139B3-93F8-412D-A16D-1E26E2C39FBB}.Debug|Any CPU.Build.0 = Debug|Any CPU
		{10D139B3-93F8-412D-A16D-1E26E2C39FBB}.Release|Any CPU.ActiveCfg = Release|Any CPU
		{10D139B3-93F8-412D-A16D-1E26E2C39FBB}.Release|Any CPU.Build.0 = Release|Any CPU
		{3DFEA325-C649-4D61-B2D2-8A06A5418320}.Debug|Any CPU.ActiveCfg = Debug|Any CPU
		{3DFEA325-C649-4D61-B2D2-8A06A5418320}.Debug|Any CPU.Build.0 = Debug|Any CPU
		{3DFEA325-C649-4D61-B2D2-8A06A5418320}.Release|Any CPU.ActiveCfg = Release|Any CPU
		{3DFEA325-C649-4D61-B2D2-8A06A5418320}.Release|Any CPU.Build.0 = Release|Any CPU
	EndGlobalSection
EndGlobal
