
Microsoft Visual Studio Solution File, Format Version 12.00
# Visual Studio Version 16
VisualStudioVersion = 16.0.30011.22
MinimumVisualStudioVersion = 15.0.26124.0
Project("{9A19103F-16F7-4668-BE54-9A1E7A4F7556}") = "SDL2Net", "SDL2Net\SDL2Net.csproj", "{10D139B3-93F8-412D-A16D-1E26E2C39FBB}"
EndProject
Project("{9A19103F-16F7-4668-BE54-9A1E7A4F7556}") = "SDL2Net.TestApp", "SDL2Net.TestApp\SDL2Net.TestApp.csproj", "{3DFEA325-C649-4D61-B2D2-8A06A5418320}"
EndProject
Global
	GlobalSection(SolutionConfigurationPlatforms) = preSolution
		Debug|Any CPU = Debug|Any CPU
		Release|Any CPU = Release|Any CPU
	EndGlobalSection
	GlobalSection(ProjectConfigurationPlatforms) = postSolution
		{10D139B3-93F8-412D-A16D-1E26E2C39FBB}.Debug|Any CPU.ActiveCfg = Debug|Any CPU
		{10D139B3-93F8-412D-A16D-1E26E2C39FBB}.Debug|Any CPU.Build.0 = Debug|Any CPU
		{10D139B3-93F8-412D-A16D-1E26E2C39FBB}.Release|Any CPU.ActiveCfg = Release|Any CPU
		{10D139B3-93F8-412D-A16D-1E26E2C39FBB}.Release|Any CPU.Build.0 = Release|Any CPU
		{3DFEA325-C649-4D61-B2D2-8A06A5418320}.Debug|Any CPU.ActiveCfg = Debug|Any CPU
		{3DFEA325-C649-4D61-B2D2-8A06A5418320}.Debug|Any CPU.Build.0 = Debug|Any CPU
		{3DFEA325-C649-4D61-B2D2-8A06A5418320}.Release|Any CPU.ActiveCfg = Release|Any CPU
		{3DFEA325-C649-4D61-B2D2-8A06A5418320}.Release|Any CPU.Build.0 = Release|Any CPU
	EndGlobalSection
	GlobalSection(SolutionProperties) = preSolution
		HideSolutionNode = FALSE
	EndGlobalSection
	GlobalSection(ExtensibilityGlobals) = postSolution
		SolutionGuid = {86282283-1A79-41AD-B8B5-2DC282B46850}
	EndGlobalSection
EndGlobal
